// !$*UTF8*$!
{
	archiveVersion = 1;
	classes = {
	};
	objectVersion = 51;
	objects = {

/* Begin PBXBuildFile section */
		4E7557FB39E02F54CE8377F6 /* Pods_InstagramDownload.framework in Frameworks */ = {isa = PBXBuildFile; fileRef = 9126BBD345CDEDAC91A675DD /* Pods_InstagramDownload.framework */; };
		78E1134F26F058D1007678AA /* AppDelegate.swift in Sources */ = {isa = PBXBuildFile; fileRef = 78E1134E26F058D1007678AA /* AppDelegate.swift */; };
		78E1135326F058D1007678AA /* MainViewController.swift in Sources */ = {isa = PBXBuildFile; fileRef = 78E1135226F058D1007678AA /* MainViewController.swift */; };
		78E1135626F058D1007678AA /* Main.storyboard in Resources */ = {isa = PBXBuildFile; fileRef = 78E1135426F058D1007678AA /* Main.storyboard */; };
		78E1135826F058D3007678AA /* Assets.xcassets in Resources */ = {isa = PBXBuildFile; fileRef = 78E1135726F058D3007678AA /* Assets.xcassets */; };
		78E1135B26F058D3007678AA /* LaunchScreen.storyboard in Resources */ = {isa = PBXBuildFile; fileRef = 78E1135926F058D3007678AA /* LaunchScreen.storyboard */; };
		78E1136326F05BA1007678AA /* WebView.swift in Sources */ = {isa = PBXBuildFile; fileRef = 78E1136226F05BA1007678AA /* WebView.swift */; };
		78E1136626F05E93007678AA /* Define.swift in Sources */ = {isa = PBXBuildFile; fileRef = 78E1136526F05E93007678AA /* Define.swift */; };
		78E1136826F05F0E007678AA /* Toast.swift in Sources */ = {isa = PBXBuildFile; fileRef = 78E1136726F05F0E007678AA /* Toast.swift */; };
		78E1136A26F06432007678AA /* FindString.swift in Sources */ = {isa = PBXBuildFile; fileRef = 78E1136926F06432007678AA /* FindString.swift */; };
		78E1136C26F07151007678AA /* ListViewController.swift in Sources */ = {isa = PBXBuildFile; fileRef = 78E1136B26F07151007678AA /* ListViewController.swift */; };
/* End PBXBuildFile section */

/* Begin PBXFileReference section */
		78E1134B26F058D1007678AA /* InstagramDownload.app */ = {isa = PBXFileReference; explicitFileType = wrapper.application; includeInIndex = 0; path = InstagramDownload.app; sourceTree = BUILT_PRODUCTS_DIR; };
		78E1134E26F058D1007678AA /* AppDelegate.swift */ = {isa = PBXFileReference; lastKnownFileType = sourcecode.swift; path = AppDelegate.swift; sourceTree = "<group>"; };
		78E1135226F058D1007678AA /* MainViewController.swift */ = {isa = PBXFileReference; lastKnownFileType = sourcecode.swift; path = MainViewController.swift; sourceTree = "<group>"; };
		78E1135526F058D1007678AA /* Base */ = {isa = PBXFileReference; lastKnownFileType = file.storyboard; name = Base; path = Base.lproj/Main.storyboard; sourceTree = "<group>"; };
		78E1135726F058D3007678AA /* Assets.xcassets */ = {isa = PBXFileReference; lastKnownFileType = folder.assetcatalog; path = Assets.xcassets; sourceTree = "<group>"; };
		78E1135A26F058D3007678AA /* Base */ = {isa = PBXFileReference; lastKnownFileType = file.storyboard; name = Base; path = Base.lproj/LaunchScreen.storyboard; sourceTree = "<group>"; };
		78E1135C26F058D3007678AA /* Info.plist */ = {isa = PBXFileReference; lastKnownFileType = text.plist.xml; path = Info.plist; sourceTree = "<group>"; };
		78E1136226F05BA1007678AA /* WebView.swift */ = {isa = PBXFileReference; lastKnownFileType = sourcecode.swift; path = WebView.swift; sourceTree = "<group>"; };
		78E1136526F05E93007678AA /* Define.swift */ = {isa = PBXFileReference; lastKnownFileType = sourcecode.swift; path = Define.swift; sourceTree = "<group>"; };
		78E1136726F05F0E007678AA /* Toast.swift */ = {isa = PBXFileReference; lastKnownFileType = sourcecode.swift; path = Toast.swift; sourceTree = "<group>"; };
		78E1136926F06432007678AA /* FindString.swift */ = {isa = PBXFileReference; lastKnownFileType = sourcecode.swift; path = FindString.swift; sourceTree = "<group>"; };
		78E1136B26F07151007678AA /* ListViewController.swift */ = {isa = PBXFileReference; lastKnownFileType = sourcecode.swift; path = ListViewController.swift; sourceTree = "<group>"; };
		9126BBD345CDEDAC91A675DD /* Pods_InstagramDownload.framework */ = {isa = PBXFileReference; explicitFileType = wrapper.framework; includeInIndex = 0; path = Pods_InstagramDownload.framework; sourceTree = BUILT_PRODUCTS_DIR; };
		914AB2B42F5F1A0CC57C427E /* Pods-InstagramDownload.release.xcconfig */ = {isa = PBXFileReference; includeInIndex = 1; lastKnownFileType = text.xcconfig; name = "Pods-InstagramDownload.release.xcconfig"; path = "Target Support Files/Pods-InstagramDownload/Pods-InstagramDownload.release.xcconfig"; sourceTree = "<group>"; };
		9B6CC776C4CCAF2B72426789 /* Pods-InstagramDownload.debug.xcconfig */ = {isa = PBXFileReference; includeInIndex = 1; lastKnownFileType = text.xcconfig; name = "Pods-InstagramDownload.debug.xcconfig"; path = "Target Support Files/Pods-InstagramDownload/Pods-InstagramDownload.debug.xcconfig"; sourceTree = "<group>"; };
/* End PBXFileReference section */

/* Begin PBXFrameworksBuildPhase section */
		78E1134826F058D1007678AA /* Frameworks */ = {
			isa = PBXFrameworksBuildPhase;
			buildActionMask = 2147483647;
			files = (
				4E7557FB39E02F54CE8377F6 /* Pods_InstagramDownload.framework in Frameworks */,
			);
			runOnlyForDeploymentPostprocessing = 0;
		};
/* End PBXFrameworksBuildPhase section */

/* Begin PBXGroup section */
		78E1134226F058D1007678AA = {
			isa = PBXGroup;
			children = (
				78E1134D26F058D1007678AA /* InstagramDownload */,
				78E1134C26F058D1007678AA /* Products */,
				F30BE1C4FAA91C657BD851DA /* Pods */,
				A85815DB36EF221533D78A7D /* Frameworks */,
			);
			sourceTree = "<group>";
		};
		78E1134C26F058D1007678AA /* Products */ = {
			isa = PBXGroup;
			children = (
				78E1134B26F058D1007678AA /* InstagramDownload.app */,
			);
			name = Products;
			sourceTree = "<group>";
		};
		78E1134D26F058D1007678AA /* InstagramDownload */ = {
			isa = PBXGroup;
			children = (
				78E1134E26F058D1007678AA /* AppDelegate.swift */,
				78E1135226F058D1007678AA /* MainViewController.swift */,
				78E1136B26F07151007678AA /* ListViewController.swift */,
				78E1136226F05BA1007678AA /* WebView.swift */,
				78E1136926F06432007678AA /* FindString.swift */,
				78E1136526F05E93007678AA /* Define.swift */,
				78E1136726F05F0E007678AA /* Toast.swift */,
				78E1135426F058D1007678AA /* Main.storyboard */,
				78E1135726F058D3007678AA /* Assets.xcassets */,
				78E1135926F058D3007678AA /* LaunchScreen.storyboard */,
				78E1135C26F058D3007678AA /* Info.plist */,
			);
			path = InstagramDownload;
			sourceTree = "<group>";
		};
		A85815DB36EF221533D78A7D /* Frameworks */ = {
			isa = PBXGroup;
			children = (
				9126BBD345CDEDAC91A675DD /* Pods_InstagramDownload.framework */,
			);
			name = Frameworks;
			sourceTree = "<group>";
		};
		F30BE1C4FAA91C657BD851DA /* Pods */ = {
			isa = PBXGroup;
			children = (
				9B6CC776C4CCAF2B72426789 /* Pods-InstagramDownload.debug.xcconfig */,
				914AB2B42F5F1A0CC57C427E /* Pods-InstagramDownload.release.xcconfig */,
			);
			path = Pods;
			sourceTree = "<group>";
		};
/* End PBXGroup section */

/* Begin PBXNativeTarget section */
		78E1134A26F058D1007678AA /* InstagramDownload */ = {
			isa = PBXNativeTarget;
			buildConfigurationList = 78E1135F26F058D3007678AA /* Build configuration list for PBXNativeTarget "InstagramDownload" */;
			buildPhases = (
				EFC93B2CB05DC6520E397A2A /* [CP] Check Pods Manifest.lock */,
				78E1134726F058D1007678AA /* Sources */,
				78E1134826F058D1007678AA /* Frameworks */,
				78E1134926F058D1007678AA /* Resources */,
				779B65EDC87E4A6880A70C41 /* [CP] Embed Pods Frameworks */,
			);
			buildRules = (
			);
			dependencies = (
			);
			name = InstagramDownload;
			productName = InstagramDownload;
			productReference = 78E1134B26F058D1007678AA /* InstagramDownload.app */;
			productType = "com.apple.product-type.application";
		};
/* End PBXNativeTarget section */

/* Begin PBXProject section */
		78E1134326F058D1007678AA /* Project object */ = {
			isa = PBXProject;
			attributes = {
				LastSwiftUpdateCheck = 1250;
				LastUpgradeCheck = 1250;
				TargetAttributes = {
					78E1134A26F058D1007678AA = {
						CreatedOnToolsVersion = 12.5.1;
					};
				};
			};
			buildConfigurationList = 78E1134626F058D1007678AA /* Build configuration list for PBXProject "InstagramDownload" */;
			compatibilityVersion = "Xcode 9.3";
			developmentRegion = en;
			hasScannedForEncodings = 0;
			knownRegions = (
				en,
				Base,
			);
			mainGroup = 78E1134226F058D1007678AA;
			productRefGroup = 78E1134C26F058D1007678AA /* Products */;
			projectDirPath = "";
			projectRoot = "";
			targets = (
				78E1134A26F058D1007678AA /* InstagramDownload */,
			);
		};
/* End PBXProject section */

/* Begin PBXResourcesBuildPhase section */
		78E1134926F058D1007678AA /* Resources */ = {
			isa = PBXResourcesBuildPhase;
			buildActionMask = 2147483647;
			files = (
				78E1135B26F058D3007678AA /* LaunchScreen.storyboard in Resources */,
				78E1135826F058D3007678AA /* Assets.xcassets in Resources */,
				78E1135626F058D1007678AA /* Main.storyboard in Resources */,
			);
			runOnlyForDeploymentPostprocessing = 0;
		};
/* End PBXResourcesBuildPhase section */

/* Begin PBXShellScriptBuildPhase section */
		779B65EDC87E4A6880A70C41 /* [CP] Embed Pods Frameworks */ = {
			isa = PBXShellScriptBuildPhase;
			buildActionMask = 2147483647;
			files = (
			);
			inputFileListPaths = (
				"${PODS_ROOT}/Target Support Files/Pods-InstagramDownload/Pods-InstagramDownload-frameworks-${CONFIGURATION}-input-files.xcfilelist",
			);
			name = "[CP] Embed Pods Frameworks";
			outputFileListPaths = (
				"${PODS_ROOT}/Target Support Files/Pods-InstagramDownload/Pods-InstagramDownload-frameworks-${CONFIGURATION}-output-files.xcfilelist",
			);
			runOnlyForDeploymentPostprocessing = 0;
			shellPath = /bin/sh;
			shellScript = "\"${PODS_ROOT}/Target Support Files/Pods-InstagramDownload/Pods-InstagramDownload-frameworks.sh\"\n";
			showEnvVarsInLog = 0;
		};
		EFC93B2CB05DC6520E397A2A /* [CP] Check Pods Manifest.lock */ = {
			isa = PBXShellScriptBuildPhase;
			buildActionMask = 2147483647;
			files = (
			);
			inputFileListPaths = (
			);
			inputPaths = (
				"${PODS_PODFILE_DIR_PATH}/Podfile.lock",
				"${PODS_ROOT}/Manifest.lock",
			);
			name = "[CP] Check Pods Manifest.lock";
			outputFileListPaths = (
			);
			outputPaths = (
				"$(DERIVED_FILE_DIR)/Pods-InstagramDownload-checkManifestLockResult.txt",
			);
			runOnlyForDeploymentPostprocessing = 0;
			shellPath = /bin/sh;
			shellScript = "diff \"${PODS_PODFILE_DIR_PATH}/Podfile.lock\" \"${PODS_ROOT}/Manifest.lock\" > /dev/null\nif [ $? != 0 ] ; then\n    # print error to STDERR\n    echo \"error: The sandbox is not in sync with the Podfile.lock. Run 'pod install' or update your CocoaPods installation.\" >&2\n    exit 1\nfi\n# This output is used by Xcode 'outputs' to avoid re-running this script phase.\necho \"SUCCESS\" > \"${SCRIPT_OUTPUT_FILE_0}\"\n";
			showEnvVarsInLog = 0;
		};
/* End PBXShellScriptBuildPhase section */

/* Begin PBXSourcesBuildPhase section */
		78E1134726F058D1007678AA /* Sources */ = {
			isa = PBXSourcesBuildPhase;
			buildActionMask = 2147483647;
			files = (
				78E1136326F05BA1007678AA /* WebView.swift in Sources */,
				78E1135326F058D1007678AA /* MainViewController.swift in Sources */,
				78E1136826F05F0E007678AA /* Toast.swift in Sources */,
				78E1136626F05E93007678AA /* Define.swift in Sources */,
				78E1134F26F058D1007678AA /* AppDelegate.swift in Sources */,
				78E1136A26F06432007678AA /* FindString.swift in Sources */,
				78E1136C26F07151007678AA /* ListViewController.swift in Sources */,
			);
			runOnlyForDeploymentPostprocessing = 0;
		};
/* End PBXSourcesBuildPhase section */

/* Begin PBXVariantGroup section */
		78E1135426F058D1007678AA /* Main.storyboard */ = {
			isa = PBXVariantGroup;
			children = (
				78E1135526F058D1007678AA /* Base */,
			);
			name = Main.storyboard;
			sourceTree = "<group>";
		};
		78E1135926F058D3007678AA /* LaunchScreen.storyboard */ = {
			isa = PBXVariantGroup;
			children = (
				78E1135A26F058D3007678AA /* Base */,
			);
			name = LaunchScreen.storyboard;
			sourceTree = "<group>";
		};
/* End PBXVariantGroup section */

/* Begin XCBuildConfiguration section */
		78E1135D26F058D3007678AA /* Debug */ = {
			isa = XCBuildConfiguration;
			buildSettings = {
				ALWAYS_SEARCH_USER_PATHS = NO;
				CLANG_ANALYZER_NONNULL = YES;
				CLANG_ANALYZER_NUMBER_OBJECT_CONVERSION = YES_AGGRESSIVE;
				CLANG_CXX_LANGUAGE_STANDARD = "gnu++14";
				CLANG_CXX_LIBRARY = "libc++";
				CLANG_ENABLE_MODULES = YES;
				CLANG_ENABLE_OBJC_ARC = YES;
				CLANG_ENABLE_OBJC_WEAK = YES;
				CLANG_WARN_BLOCK_CAPTURE_AUTORELEASING = YES;
				CLANG_WARN_BOOL_CONVERSION = YES;
				CLANG_WARN_COMMA = YES;
				CLANG_WARN_CONSTANT_CONVERSION = YES;
				CLANG_WARN_DEPRECATED_OBJC_IMPLEMENTATIONS = YES;
				CLANG_WARN_DIRECT_OBJC_ISA_USAGE = YES_ERROR;
				CLANG_WARN_DOCUMENTATION_COMMENTS = YES;
				CLANG_WARN_EMPTY_BODY = YES;
				CLANG_WARN_ENUM_CONVERSION = YES;
				CLANG_WARN_INFINITE_RECURSION = YES;
				CLANG_WARN_INT_CONVERSION = YES;
				CLANG_WARN_NON_LITERAL_NULL_CONVERSION = YES;
				CLANG_WARN_OBJC_IMPLICIT_RETAIN_SELF = YES;
				CLANG_WARN_OBJC_LITERAL_CONVERSION = YES;
				CLANG_WARN_OBJC_ROOT_CLASS = YES_ERROR;
				CLANG_WARN_QUOTED_INCLUDE_IN_FRAMEWORK_HEADER = YES;
				CLANG_WARN_RANGE_LOOP_ANALYSIS = YES;
				CLANG_WARN_STRICT_PROTOTYPES = YES;
				CLANG_WARN_SUSPICIOUS_MOVE = YES;
				CLANG_WARN_UNGUARDED_AVAILABILITY = YES_AGGRESSIVE;
				CLANG_WARN_UNREACHABLE_CODE = YES;
				CLANG_WARN__DUPLICATE_METHOD_MATCH = YES;
				COPY_PHASE_STRIP = NO;
				DEBUG_INFORMATION_FORMAT = dwarf;
				ENABLE_STRICT_OBJC_MSGSEND = YES;
				ENABLE_TESTABILITY = YES;
				GCC_C_LANGUAGE_STANDARD = gnu11;
				GCC_DYNAMIC_NO_PIC = NO;
				GCC_NO_COMMON_BLOCKS = YES;
				GCC_OPTIMIZATION_LEVEL = 0;
				GCC_PREPROCESSOR_DEFINITIONS = (
					"DEBUG=1",
					"$(inherited)",
				);
				GCC_WARN_64_TO_32_BIT_CONVERSION = YES;
				GCC_WARN_ABOUT_RETURN_TYPE = YES_ERROR;
				GCC_WARN_UNDECLARED_SELECTOR = YES;
				GCC_WARN_UNINITIALIZED_AUTOS = YES_AGGRESSIVE;
				GCC_WARN_UNUSED_FUNCTION = YES;
				GCC_WARN_UNUSED_VARIABLE = YES;
				IPHONEOS_DEPLOYMENT_TARGET = 14.5;
				MTL_ENABLE_DEBUG_INFO = INCLUDE_SOURCE;
				MTL_FAST_MATH = YES;
				ONLY_ACTIVE_ARCH = YES;
				SDKROOT = iphoneos;
				SWIFT_ACTIVE_COMPILATION_CONDITIONS = DEBUG;
				SWIFT_OPTIMIZATION_LEVEL = "-Onone";
			};
			name = Debug;
		};
		78E1135E26F058D3007678AA /* Release */ = {
			isa = XCBuildConfiguration;
			buildSettings = {
				ALWAYS_SEARCH_USER_PATHS = NO;
				CLANG_ANALYZER_NONNULL = YES;
				CLANG_ANALYZER_NUMBER_OBJECT_CONVERSION = YES_AGGRESSIVE;
				CLANG_CXX_LANGUAGE_STANDARD = "gnu++14";
				CLANG_CXX_LIBRARY = "libc++";
				CLANG_ENABLE_MODULES = YES;
				CLANG_ENABLE_OBJC_ARC = YES;
				CLANG_ENABLE_OBJC_WEAK = YES;
				CLANG_WARN_BLOCK_CAPTURE_AUTORELEASING = YES;
				CLANG_WARN_BOOL_CONVERSION = YES;
				CLANG_WARN_COMMA = YES;
				CLANG_WARN_CONSTANT_CONVERSION = YES;
				CLANG_WARN_DEPRECATED_OBJC_IMPLEMENTATIONS = YES;
				CLANG_WARN_DIRECT_OBJC_ISA_USAGE = YES_ERROR;
				CLANG_WARN_DOCUMENTATION_COMMENTS = YES;
				CLANG_WARN_EMPTY_BODY = YES;
				CLANG_WARN_ENUM_CONVERSION = YES;
				CLANG_WARN_INFINITE_RECURSION = YES;
				CLANG_WARN_INT_CONVERSION = YES;
				CLANG_WARN_NON_LITERAL_NULL_CONVERSION = YES;
				CLANG_WARN_OBJC_IMPLICIT_RETAIN_SELF = YES;
				CLANG_WARN_OBJC_LITERAL_CONVERSION = YES;
				CLANG_WARN_OBJC_ROOT_CLASS = YES_ERROR;
				CLANG_WARN_QUOTED_INCLUDE_IN_FRAMEWORK_HEADER = YES;
				CLANG_WARN_RANGE_LOOP_ANALYSIS = YES;
				CLANG_WARN_STRICT_PROTOTYPES = YES;
				CLANG_WARN_SUSPICIOUS_MOVE = YES;
				CLANG_WARN_UNGUARDED_AVAILABILITY = YES_AGGRESSIVE;
				CLANG_WARN_UNREACHABLE_CODE = YES;
				CLANG_WARN__DUPLICATE_METHOD_MATCH = YES;
				COPY_PHASE_STRIP = NO;
				DEBUG_INFORMATION_FORMAT = "dwarf-with-dsym";
				ENABLE_NS_ASSERTIONS = NO;
				ENABLE_STRICT_OBJC_MSGSEND = YES;
				GCC_C_LANGUAGE_STANDARD = gnu11;
				GCC_NO_COMMON_BLOCKS = YES;
				GCC_WARN_64_TO_32_BIT_CONVERSION = YES;
				GCC_WARN_ABOUT_RETURN_TYPE = YES_ERROR;
				GCC_WARN_UNDECLARED_SELECTOR = YES;
				GCC_WARN_UNINITIALIZED_AUTOS = YES_AGGRESSIVE;
				GCC_WARN_UNUSED_FUNCTION = YES;
				GCC_WARN_UNUSED_VARIABLE = YES;
				IPHONEOS_DEPLOYMENT_TARGET = 14.5;
				MTL_ENABLE_DEBUG_INFO = NO;
				MTL_FAST_MATH = YES;
				SDKROOT = iphoneos;
				SWIFT_COMPILATION_MODE = wholemodule;
				SWIFT_OPTIMIZATION_LEVEL = "-O";
				VALIDATE_PRODUCT = YES;
			};
			name = Release;
		};
		78E1136026F058D3007678AA /* Debug */ = {
			isa = XCBuildConfiguration;
			baseConfigurationReference = 9B6CC776C4CCAF2B72426789 /* Pods-InstagramDownload.debug.xcconfig */;
			buildSettings = {
				ASSETCATALOG_COMPILER_APPICON_NAME = AppIcon;
				ASSETCATALOG_COMPILER_GLOBAL_ACCENT_COLOR_NAME = AccentColor;
				CODE_SIGN_STYLE = Automatic;
				DEVELOPMENT_TEAM = 85JQMF8YT8;
				INFOPLIST_FILE = InstagramDownload/Info.plist;
				IPHONEOS_DEPLOYMENT_TARGET = 11.0;
				LD_RUNPATH_SEARCH_PATHS = (
					"$(inherited)",
					"@executable_path/Frameworks",
				);
				PRODUCT_BUNDLE_IDENTIFIER = kr.co.m2community.InstagramDownload;
				PRODUCT_NAME = "$(TARGET_NAME)";
				SWIFT_VERSION = 5.0;
				TARGETED_DEVICE_FAMILY = "1,2";
			};
			name = Debug;
		};
		78E1136126F058D3007678AA /* Release */ = {
			isa = XCBuildConfiguration;
			baseConfigurationReference = 914AB2B42F5F1A0CC57C427E /* Pods-InstagramDownload.release.xcconfig */;
			buildSettings = {
				ASSETCATALOG_COMPILER_APPICON_NAME = AppIcon;
				ASSETCATALOG_COMPILER_GLOBAL_ACCENT_COLOR_NAME = AccentColor;
				CODE_SIGN_STYLE = Automatic;
				DEVELOPMENT_TEAM = 85JQMF8YT8;
				INFOPLIST_FILE = InstagramDownload/Info.plist;
				IPHONEOS_DEPLOYMENT_TARGET = 11.0;
				LD_RUNPATH_SEARCH_PATHS = (
					"$(inherited)",
					"@executable_path/Frameworks",
				);
				PRODUCT_BUNDLE_IDENTIFIER = kr.co.m2community.InstagramDownload;
				PRODUCT_NAME = "$(TARGET_NAME)";
				SWIFT_VERSION = 5.0;
				TARGETED_DEVICE_FAMILY = "1,2";
			};
			name = Release;
		};
/* End XCBuildConfiguration section */

/* Begin XCConfigurationList section */
		78E1134626F058D1007678AA /* Build configuration list for PBXProject "InstagramDownload" */ = {
			isa = XCConfigurationList;
			buildConfigurations = (
				78E1135D26F058D3007678AA /* Debug */,
				78E1135E26F058D3007678AA /* Release */,
			);
			defaultConfigurationIsVisible = 0;
			defaultConfigurationName = Release;
		};
		78E1135F26F058D3007678AA /* Build configuration list for PBXNativeTarget "InstagramDownload" */ = {
			isa = XCConfigurationList;
			buildConfigurations = (
				78E1136026F058D3007678AA /* Debug */,
				78E1136126F058D3007678AA /* Release */,
			);
			defaultConfigurationIsVisible = 0;
			defaultConfigurationName = Release;
		};
/* End XCConfigurationList section */
	};
	rootObject = 78E1134326F058D1007678AA /* Project object */;
}
