// !$*UTF8*$!
{
	archiveVersion = 1;
	classes = {
	};
	objectVersion = 77;
	objects = {

/* Begin PBXBuildFile section */
		1041FC682E66E2C900F70806 /* MediaSaver.swift in Sources */ = {isa = PBXBuildFile; fileRef = 1041FC672E66E2C900F70806 /* MediaSaver.swift */; };
		108C6E8C2E272C4500F4CD5C /* Logger.swift in Sources */ = {isa = PBXBuildFile; fileRef = 108C6E8B2E272C4500F4CD5C /* Logger.swift */; };
		10F874362E6137D500DCAA38 /* js.swift in Sources */ = {isa = PBXBuildFile; fileRef = 10F874352E6137D500DCAA38 /* js.swift */; };
		10F874382E6146BA00DCAA38 /* PhotoAlbumHelper.swift in Sources */ = {isa = PBXBuildFile; fileRef = 10F874372E6146BA00DCAA38 /* PhotoAlbumHelper.swift */; };
		10F8743A2E616A6900DCAA38 /* MediaDownloader.swift in Sources */ = {isa = PBXBuildFile; fileRef = 10F874392E616A6900DCAA38 /* MediaDownloader.swift */; };
		10F8743C2E616C2000DCAA38 /* String+.swift in Sources */ = {isa = PBXBuildFile; fileRef = 10F8743B2E616C2000DCAA38 /* String+.swift */; };
		10F8743E2E61978700DCAA38 /* UIViewController + UIAlertController.swift in Sources */ = {isa = PBXBuildFile; fileRef = 10F8743D2E61978700DCAA38 /* UIViewController + UIAlertController.swift */; };
		10FD9E422DE3F0EE00560FCF /* AppDelegate.swift in Sources */ = {isa = PBXBuildFile; fileRef = 10FD9E362DE3F0EE00560FCF /* AppDelegate.swift */; };
		10FD9E432DE3F0EE00560FCF /* MediaItem.swift in Sources */ = {isa = PBXBuildFile; fileRef = 10FD9E3D2DE3F0EE00560FCF /* MediaItem.swift */; };
		10FD9E442DE3F0EE00560FCF /* MediaType.swift in Sources */ = {isa = PBXBuildFile; fileRef = 10FD9E3E2DE3F0EE00560FCF /* MediaType.swift */; };
		10FD9E452DE3F0EE00560FCF /* SceneDelegate.swift in Sources */ = {isa = PBXBuildFile; fileRef = 10FD9E3F2DE3F0EE00560FCF /* SceneDelegate.swift */; };
		10FD9E462DE3F0EE00560FCF /* InstagramViewController.swift in Sources */ = {isa = PBXBuildFile; fileRef = 10FD9E402DE3F0EE00560FCF /* InstagramViewController.swift */; };
		10FD9E472DE3F0EE00560FCF /* Assets.xcassets in Resources */ = {isa = PBXBuildFile; fileRef = 10FD9E372DE3F0EE00560FCF /* Assets.xcassets */; };
		10FD9E492DE3F0EE00560FCF /* LaunchScreen.storyboard in Resources */ = {isa = PBXBuildFile; fileRef = 10FD9E3A2DE3F0EE00560FCF /* LaunchScreen.storyboard */; };
		10FD9E4A2DE3F0EE00560FCF /* Main.storyboard in Resources */ = {isa = PBXBuildFile; fileRef = 10FD9E3C2DE3F0EE00560FCF /* Main.storyboard */; };
		10FD9E4C2DE3F10800560FCF /* MediaCell.swift in Sources */ = {isa = PBXBuildFile; fileRef = 10FD9E4B2DE3F10800560FCF /* MediaCell.swift */; };
		10FD9E4E2DE3F12100560FCF /* MediaDetailViewController.swift in Sources */ = {isa = PBXBuildFile; fileRef = 10FD9E4D2DE3F12100560FCF /* MediaDetailViewController.swift */; };
		10FD9E502DE3F13500560FCF /* MediaListViewController.swift in Sources */ = {isa = PBXBuildFile; fileRef = 10FD9E4F2DE3F13500560FCF /* MediaListViewController.swift */; };
		10FD9E522DE3F28300560FCF /* Extensions.swift in Sources */ = {isa = PBXBuildFile; fileRef = 10FD9E512DE3F28300560FCF /* Extensions.swift */; };
		10FD9E542DE4278D00560FCF /* InstagramViewController+WKNavigationDelegate.swift in Sources */ = {isa = PBXBuildFile; fileRef = 10FD9E532DE4278D00560FCF /* InstagramViewController+WKNavigationDelegate.swift */; };
/* End PBXBuildFile section */

/* Begin PBXFileReference section */
		1041FC672E66E2C900F70806 /* MediaSaver.swift */ = {isa = PBXFileReference; lastKnownFileType = sourcecode.swift; path = MediaSaver.swift; sourceTree = "<group>"; };
		108C6E8B2E272C4500F4CD5C /* Logger.swift */ = {isa = PBXFileReference; lastKnownFileType = sourcecode.swift; path = Logger.swift; sourceTree = "<group>"; };
		10F874352E6137D500DCAA38 /* js.swift */ = {isa = PBXFileReference; lastKnownFileType = sourcecode.swift; path = js.swift; sourceTree = "<group>"; };
		10F874372E6146BA00DCAA38 /* PhotoAlbumHelper.swift */ = {isa = PBXFileReference; lastKnownFileType = sourcecode.swift; path = PhotoAlbumHelper.swift; sourceTree = "<group>"; };
		10F874392E616A6900DCAA38 /* MediaDownloader.swift */ = {isa = PBXFileReference; lastKnownFileType = sourcecode.swift; path = MediaDownloader.swift; sourceTree = "<group>"; };
		10F8743B2E616C2000DCAA38 /* String+.swift */ = {isa = PBXFileReference; lastKnownFileType = sourcecode.swift; path = "String+.swift"; sourceTree = "<group>"; };
		10F8743D2E61978700DCAA38 /* UIViewController + UIAlertController.swift */ = {isa = PBXFileReference; lastKnownFileType = sourcecode.swift; path = "UIViewController + UIAlertController.swift"; sourceTree = "<group>"; };
		10FD9E1A2DE3EFAC00560FCF /* instaDownload.app */ = {isa = PBXFileReference; explicitFileType = wrapper.application; includeInIndex = 0; path = instaDownload.app; sourceTree = BUILT_PRODUCTS_DIR; };
		10FD9E362DE3F0EE00560FCF /* AppDelegate.swift */ = {isa = PBXFileReference; lastKnownFileType = sourcecode.swift; path = AppDelegate.swift; sourceTree = "<group>"; };
		10FD9E372DE3F0EE00560FCF /* Assets.xcassets */ = {isa = PBXFileReference; lastKnownFileType = folder.assetcatalog; path = Assets.xcassets; sourceTree = "<group>"; };
		10FD9E382DE3F0EE00560FCF /* Info.plist */ = {isa = PBXFileReference; lastKnownFileType = text.plist.xml; path = Info.plist; sourceTree = "<group>"; };
		10FD9E392DE3F0EE00560FCF /* Base */ = {isa = PBXFileReference; lastKnownFileType = file.storyboard; name = Base; path = Base.lproj/LaunchScreen.storyboard; sourceTree = "<group>"; };
		10FD9E3B2DE3F0EE00560FCF /* Base */ = {isa = PBXFileReference; lastKnownFileType = file.storyboard; name = Base; path = Base.lproj/Main.storyboard; sourceTree = "<group>"; };
		10FD9E3D2DE3F0EE00560FCF /* MediaItem.swift */ = {isa = PBXFileReference; lastKnownFileType = sourcecode.swift; path = MediaItem.swift; sourceTree = "<group>"; };
		10FD9E3E2DE3F0EE00560FCF /* MediaType.swift */ = {isa = PBXFileReference; lastKnownFileType = sourcecode.swift; path = MediaType.swift; sourceTree = "<group>"; };
		10FD9E3F2DE3F0EE00560FCF /* SceneDelegate.swift */ = {isa = PBXFileReference; lastKnownFileType = sourcecode.swift; path = SceneDelegate.swift; sourceTree = "<group>"; };
		10FD9E402DE3F0EE00560FCF /* InstagramViewController.swift */ = {isa = PBXFileReference; lastKnownFileType = sourcecode.swift; path = InstagramViewController.swift; sourceTree = "<group>"; };
		10FD9E4B2DE3F10800560FCF /* MediaCell.swift */ = {isa = PBXFileReference; lastKnownFileType = sourcecode.swift; path = MediaCell.swift; sourceTree = "<group>"; };
		10FD9E4D2DE3F12100560FCF /* MediaDetailViewController.swift */ = {isa = PBXFileReference; lastKnownFileType = sourcecode.swift; path = MediaDetailViewController.swift; sourceTree = "<group>"; };
		10FD9E4F2DE3F13500560FCF /* MediaListViewController.swift */ = {isa = PBXFileReference; lastKnownFileType = sourcecode.swift; path = MediaListViewController.swift; sourceTree = "<group>"; };
		10FD9E512DE3F28300560FCF /* Extensions.swift */ = {isa = PBXFileReference; lastKnownFileType = sourcecode.swift; path = Extensions.swift; sourceTree = "<group>"; };
		10FD9E532DE4278D00560FCF /* InstagramViewController+WKNavigationDelegate.swift */ = {isa = PBXFileReference; lastKnownFileType = sourcecode.swift; path = "InstagramViewController+WKNavigationDelegate.swift"; sourceTree = "<group>"; };
/* End PBXFileReference section */

/* Begin PBXFrameworksBuildPhase section */
		10FD9E172DE3EFAC00560FCF /* Frameworks */ = {
			isa = PBXFrameworksBuildPhase;
			buildActionMask = 2147483647;
			files = (
			);
			runOnlyForDeploymentPostprocessing = 0;
		};
/* End PBXFrameworksBuildPhase section */

/* Begin PBXGroup section */
		1041FC692E66E2D400F70806 /* MediaSaver */ = {
			isa = PBXGroup;
			children = (
				1041FC672E66E2C900F70806 /* MediaSaver.swift */,
				10F874392E616A6900DCAA38 /* MediaDownloader.swift */,
				10F874372E6146BA00DCAA38 /* PhotoAlbumHelper.swift */,
			);
			path = MediaSaver;
			sourceTree = "<group>";
		};
		10FD9E112DE3EFAC00560FCF = {
			isa = PBXGroup;
			children = (
				10FD9E412DE3F0EE00560FCF /* instaDownload */,
				10FD9E1B2DE3EFAC00560FCF /* Products */,
			);
			sourceTree = "<group>";
		};
		10FD9E1B2DE3EFAC00560FCF /* Products */ = {
			isa = PBXGroup;
			children = (
				10FD9E1A2DE3EFAC00560FCF /* instaDownload.app */,
			);
			name = Products;
			sourceTree = "<group>";
		};
		10FD9E412DE3F0EE00560FCF /* instaDownload */ = {
			isa = PBXGroup;
			children = (
				10FD9E362DE3F0EE00560FCF /* AppDelegate.swift */,
				10FD9E372DE3F0EE00560FCF /* Assets.xcassets */,
				10FD9E382DE3F0EE00560FCF /* Info.plist */,
				10FD9E3A2DE3F0EE00560FCF /* LaunchScreen.storyboard */,
				10FD9E3C2DE3F0EE00560FCF /* Main.storyboard */,
				10FD9E3F2DE3F0EE00560FCF /* SceneDelegate.swift */,
				108C6E8B2E272C4500F4CD5C /* Logger.swift */,
				10F874352E6137D500DCAA38 /* js.swift */,
				10F8743B2E616C2000DCAA38 /* String+.swift */,
				10FD9E402DE3F0EE00560FCF /* InstagramViewController.swift */,
				10FD9E532DE4278D00560FCF /* InstagramViewController+WKNavigationDelegate.swift */,
				10FD9E512DE3F28300560FCF /* Extensions.swift */,
				10FD9E4F2DE3F13500560FCF /* MediaListViewController.swift */,
				10FD9E4D2DE3F12100560FCF /* MediaDetailViewController.swift */,
				10F8743D2E61978700DCAA38 /* UIViewController + UIAlertController.swift */,
				1041FC692E66E2D400F70806 /* MediaSaver */,
				10FD9E4B2DE3F10800560FCF /* MediaCell.swift */,
				10FD9E3D2DE3F0EE00560FCF /* MediaItem.swift */,
				10FD9E3E2DE3F0EE00560FCF /* MediaType.swift */,
			);
			path = instaDownload;
			sourceTree = "<group>";
		};
/* End PBXGroup section */

/* Begin PBXNativeTarget section */
		10FD9E192DE3EFAC00560FCF /* instaDownload */ = {
			isa = PBXNativeTarget;
			buildConfigurationList = 10FD9E2D2DE3EFAE00560FCF /* Build configuration list for PBXNativeTarget "instaDownload" */;
			buildPhases = (
				10FD9E162DE3EFAC00560FCF /* Sources */,
				10FD9E172DE3EFAC00560FCF /* Frameworks */,
				10FD9E182DE3EFAC00560FCF /* Resources */,
			);
			buildRules = (
			);
			dependencies = (
			);
			name = instaDownload;
			packageProductDependencies = (
			);
			productName = instaDownload;
			productReference = 10FD9E1A2DE3EFAC00560FCF /* instaDownload.app */;
			productType = "com.apple.product-type.application";
		};
/* End PBXNativeTarget section */

/* Begin PBXProject section */
		10FD9E122DE3EFAC00560FCF /* Project object */ = {
			isa = PBXProject;
			attributes = {
				BuildIndependentTargetsInParallel = 1;
				LastSwiftUpdateCheck = 1620;
				LastUpgradeCheck = 1620;
				TargetAttributes = {
					10FD9E192DE3EFAC00560FCF = {
						CreatedOnToolsVersion = 16.2;
					};
				};
			};
			buildConfigurationList = 10FD9E152DE3EFAC00560FCF /* Build configuration list for PBXProject "instaDownload" */;
			developmentRegion = en;
			hasScannedForEncodings = 0;
			knownRegions = (
				en,
				Base,
			);
			mainGroup = 10FD9E112DE3EFAC00560FCF;
			minimizedProjectReferenceProxies = 1;
			preferredProjectObjectVersion = 77;
			productRefGroup = 10FD9E1B2DE3EFAC00560FCF /* Products */;
			projectDirPath = "";
			projectRoot = "";
			targets = (
				10FD9E192DE3EFAC00560FCF /* instaDownload */,
			);
		};
/* End PBXProject section */

/* Begin PBXResourcesBuildPhase section */
		10FD9E182DE3EFAC00560FCF /* Resources */ = {
			isa = PBXResourcesBuildPhase;
			buildActionMask = 2147483647;
			files = (
				10FD9E472DE3F0EE00560FCF /* Assets.xcassets in Resources */,
				10FD9E492DE3F0EE00560FCF /* LaunchScreen.storyboard in Resources */,
				10FD9E4A2DE3F0EE00560FCF /* Main.storyboard in Resources */,
			);
			runOnlyForDeploymentPostprocessing = 0;
		};
/* End PBXResourcesBuildPhase section */

/* Begin PBXSourcesBuildPhase section */
		10FD9E162DE3EFAC00560FCF /* Sources */ = {
			isa = PBXSourcesBuildPhase;
			buildActionMask = 2147483647;
			files = (
				10F8743A2E616A6900DCAA38 /* MediaDownloader.swift in Sources */,
				10FD9E422DE3F0EE00560FCF /* AppDelegate.swift in Sources */,
				108C6E8C2E272C4500F4CD5C /* Logger.swift in Sources */,
				10FD9E522DE3F28300560FCF /* Extensions.swift in Sources */,
				10FD9E432DE3F0EE00560FCF /* MediaItem.swift in Sources */,
				10F874362E6137D500DCAA38 /* js.swift in Sources */,
				10FD9E442DE3F0EE00560FCF /* MediaType.swift in Sources */,
				10F8743E2E61978700DCAA38 /* UIViewController + UIAlertController.swift in Sources */,
				10F8743C2E616C2000DCAA38 /* String+.swift in Sources */,
				10FD9E502DE3F13500560FCF /* MediaListViewController.swift in Sources */,
				10FD9E542DE4278D00560FCF /* InstagramViewController+WKNavigationDelegate.swift in Sources */,
				10FD9E452DE3F0EE00560FCF /* SceneDelegate.swift in Sources */,
				10FD9E4C2DE3F10800560FCF /* MediaCell.swift in Sources */,
				10FD9E462DE3F0EE00560FCF /* InstagramViewController.swift in Sources */,
				1041FC682E66E2C900F70806 /* MediaSaver.swift in Sources */,
				10FD9E4E2DE3F12100560FCF /* MediaDetailViewController.swift in Sources */,
				10F874382E6146BA00DCAA38 /* PhotoAlbumHelper.swift in Sources */,
			);
			runOnlyForDeploymentPostprocessing = 0;
		};
/* End PBXSourcesBuildPhase section */

/* Begin PBXVariantGroup section */
		10FD9E3A2DE3F0EE00560FCF /* LaunchScreen.storyboard */ = {
			isa = PBXVariantGroup;
			children = (
				10FD9E392DE3F0EE00560FCF /* Base */,
			);
			name = LaunchScreen.storyboard;
			sourceTree = "<group>";
		};
		10FD9E3C2DE3F0EE00560FCF /* Main.storyboard */ = {
			isa = PBXVariantGroup;
			children = (
				10FD9E3B2DE3F0EE00560FCF /* Base */,
			);
			name = Main.storyboard;
			sourceTree = "<group>";
		};
/* End PBXVariantGroup section */

/* Begin XCBuildConfiguration section */
		10FD9E2E2DE3EFAE00560FCF /* Debug */ = {
			isa = XCBuildConfiguration;
			buildSettings = {
				ASSETCATALOG_COMPILER_APPICON_NAME = AppIcon;
				ASSETCATALOG_COMPILER_GLOBAL_ACCENT_COLOR_NAME = AccentColor;
				CODE_SIGN_STYLE = Automatic;
				CURRENT_PROJECT_VERSION = 1;
				DEVELOPMENT_TEAM = U3KJUQ7BP7;
				GENERATE_INFOPLIST_FILE = YES;
				INFOPLIST_FILE = instaDownload/Info.plist;
				INFOPLIST_KEY_NSPhotoLibraryAddUsageDescription = "사진 및 비디오를 저장하기 위해 권한이 필요합니다.";
				INFOPLIST_KEY_NSPhotoLibraryUsageDescription = "사진 및 비디오를 저장하기 위해 권한이 필요합니다.";
				INFOPLIST_KEY_UIApplicationSupportsIndirectInputEvents = YES;
				INFOPLIST_KEY_UILaunchStoryboardName = LaunchScreen;
				INFOPLIST_KEY_UIMainStoryboardFile = Main;
				INFOPLIST_KEY_UISupportedInterfaceOrientations_iPad = "UIInterfaceOrientationPortrait UIInterfaceOrientationPortraitUpsideDown UIInterfaceOrientationLandscapeLeft UIInterfaceOrientationLandscapeRight";
				INFOPLIST_KEY_UISupportedInterfaceOrientations_iPhone = "UIInterfaceOrientationPortrait UIInterfaceOrientationLandscapeLeft UIInterfaceOrientationLandscapeRight";
				LD_RUNPATH_SEARCH_PATHS = (
					"$(inherited)",
					"@executable_path/Frameworks",
				);
				MARKETING_VERSION = 1.0;
				PRODUCT_BUNDLE_IDENTIFIER = com.gchealthcare.instaDownload;
				PRODUCT_NAME = "$(TARGET_NAME)";
				SWIFT_EMIT_LOC_STRINGS = YES;
				SWIFT_VERSION = 5.0;
				TARGETED_DEVICE_FAMILY = "1,2";
			};
			name = Debug;
		};
		10FD9E2F2DE3EFAE00560FCF /* Release */ = {
			isa = XCBuildConfiguration;
			buildSettings = {
				ASSETCATALOG_COMPILER_APPICON_NAME = AppIcon;
				ASSETCATALOG_COMPILER_GLOBAL_ACCENT_COLOR_NAME = AccentColor;
				CODE_SIGN_STYLE = Automatic;
				CURRENT_PROJECT_VERSION = 1;
				DEVELOPMENT_TEAM = U3KJUQ7BP7;
				GENERATE_INFOPLIST_FILE = YES;
				INFOPLIST_FILE = instaDownload/Info.plist;
				INFOPLIST_KEY_NSPhotoLibraryAddUsageDescription = "사진 및 비디오를 저장하기 위해 권한이 필요합니다.";
				INFOPLIST_KEY_NSPhotoLibraryUsageDescription = "사진 및 비디오를 저장하기 위해 권한이 필요합니다.";
				INFOPLIST_KEY_UIApplicationSupportsIndirectInputEvents = YES;
				INFOPLIST_KEY_UILaunchStoryboardName = LaunchScreen;
				INFOPLIST_KEY_UIMainStoryboardFile = Main;
				INFOPLIST_KEY_UISupportedInterfaceOrientations_iPad = "UIInterfaceOrientationPortrait UIInterfaceOrientationPortraitUpsideDown UIInterfaceOrientationLandscapeLeft UIInterfaceOrientationLandscapeRight";
				INFOPLIST_KEY_UISupportedInterfaceOrientations_iPhone = "UIInterfaceOrientationPortrait UIInterfaceOrientationLandscapeLeft UIInterfaceOrientationLandscapeRight";
				LD_RUNPATH_SEARCH_PATHS = (
					"$(inherited)",
					"@executable_path/Frameworks",
				);
				MARKETING_VERSION = 1.0;
				PRODUCT_BUNDLE_IDENTIFIER = com.gchealthcare.instaDownload;
				PRODUCT_NAME = "$(TARGET_NAME)";
				SWIFT_EMIT_LOC_STRINGS = YES;
				SWIFT_VERSION = 5.0;
				TARGETED_DEVICE_FAMILY = "1,2";
			};
			name = Release;
		};
		10FD9E302DE3EFAE00560FCF /* Debug */ = {
			isa = XCBuildConfiguration;
			buildSettings = {
				ALWAYS_SEARCH_USER_PATHS = NO;
				ASSETCATALOG_COMPILER_GENERATE_SWIFT_ASSET_SYMBOL_EXTENSIONS = YES;
				CLANG_ANALYZER_NONNULL = YES;
				CLANG_ANALYZER_NUMBER_OBJECT_CONVERSION = YES_AGGRESSIVE;
				CLANG_CXX_LANGUAGE_STANDARD = "gnu++20";
				CLANG_ENABLE_MODULES = YES;
				CLANG_ENABLE_OBJC_ARC = YES;
				CLANG_ENABLE_OBJC_WEAK = YES;
				CLANG_WARN_BLOCK_CAPTURE_AUTORELEASING = YES;
				CLANG_WARN_BOOL_CONVERSION = YES;
				CLANG_WARN_COMMA = YES;
				CLANG_WARN_CONSTANT_CONVERSION = YES;
				CLANG_WARN_DEPRECATED_OBJC_IMPLEMENTATIONS = YES;
				CLANG_WARN_DIRECT_OBJC_ISA_USAGE = YES_ERROR;
				CLANG_WARN_DOCUMENTATION_COMMENTS = YES;
				CLANG_WARN_EMPTY_BODY = YES;
				CLANG_WARN_ENUM_CONVERSION = YES;
				CLANG_WARN_INFINITE_RECURSION = YES;
				CLANG_WARN_INT_CONVERSION = YES;
				CLANG_WARN_NON_LITERAL_NULL_CONVERSION = YES;
				CLANG_WARN_OBJC_IMPLICIT_RETAIN_SELF = YES;
				CLANG_WARN_OBJC_LITERAL_CONVERSION = YES;
				CLANG_WARN_OBJC_ROOT_CLASS = YES_ERROR;
				CLANG_WARN_QUOTED_INCLUDE_IN_FRAMEWORK_HEADER = YES;
				CLANG_WARN_RANGE_LOOP_ANALYSIS = YES;
				CLANG_WARN_STRICT_PROTOTYPES = YES;
				CLANG_WARN_SUSPICIOUS_MOVE = YES;
				CLANG_WARN_UNGUARDED_AVAILABILITY = YES_AGGRESSIVE;
				CLANG_WARN_UNREACHABLE_CODE = YES;
				CLANG_WARN__DUPLICATE_METHOD_MATCH = YES;
				COPY_PHASE_STRIP = NO;
				DEBUG_INFORMATION_FORMAT = dwarf;
				ENABLE_STRICT_OBJC_MSGSEND = YES;
				ENABLE_TESTABILITY = YES;
				ENABLE_USER_SCRIPT_SANDBOXING = YES;
				GCC_C_LANGUAGE_STANDARD = gnu17;
				GCC_DYNAMIC_NO_PIC = NO;
				GCC_NO_COMMON_BLOCKS = YES;
				GCC_OPTIMIZATION_LEVEL = 0;
				GCC_PREPROCESSOR_DEFINITIONS = (
					"DEBUG=1",
					"$(inherited)",
				);
				GCC_WARN_64_TO_32_BIT_CONVERSION = YES;
				GCC_WARN_ABOUT_RETURN_TYPE = YES_ERROR;
				GCC_WARN_UNDECLARED_SELECTOR = YES;
				GCC_WARN_UNINITIALIZED_AUTOS = YES_AGGRESSIVE;
				GCC_WARN_UNUSED_FUNCTION = YES;
				GCC_WARN_UNUSED_VARIABLE = YES;
				IPHONEOS_DEPLOYMENT_TARGET = 18.2;
				LOCALIZATION_PREFERS_STRING_CATALOGS = YES;
				MTL_ENABLE_DEBUG_INFO = INCLUDE_SOURCE;
				MTL_FAST_MATH = YES;
				ONLY_ACTIVE_ARCH = YES;
				SDKROOT = iphoneos;
				SWIFT_ACTIVE_COMPILATION_CONDITIONS = "DEBUG $(inherited)";
				SWIFT_OPTIMIZATION_LEVEL = "-Onone";
			};
			name = Debug;
		};
		10FD9E312DE3EFAE00560FCF /* Release */ = {
			isa = XCBuildConfiguration;
			buildSettings = {
				ALWAYS_SEARCH_USER_PATHS = NO;
				ASSETCATALOG_COMPILER_GENERATE_SWIFT_ASSET_SYMBOL_EXTENSIONS = YES;
				CLANG_ANALYZER_NONNULL = YES;
				CLANG_ANALYZER_NUMBER_OBJECT_CONVERSION = YES_AGGRESSIVE;
				CLANG_CXX_LANGUAGE_STANDARD = "gnu++20";
				CLANG_ENABLE_MODULES = YES;
				CLANG_ENABLE_OBJC_ARC = YES;
				CLANG_ENABLE_OBJC_WEAK = YES;
				CLANG_WARN_BLOCK_CAPTURE_AUTORELEASING = YES;
				CLANG_WARN_BOOL_CONVERSION = YES;
				CLANG_WARN_COMMA = YES;
				CLANG_WARN_CONSTANT_CONVERSION = YES;
				CLANG_WARN_DEPRECATED_OBJC_IMPLEMENTATIONS = YES;
				CLANG_WARN_DIRECT_OBJC_ISA_USAGE = YES_ERROR;
				CLANG_WARN_DOCUMENTATION_COMMENTS = YES;
				CLANG_WARN_EMPTY_BODY = YES;
				CLANG_WARN_ENUM_CONVERSION = YES;
				CLANG_WARN_INFINITE_RECURSION = YES;
				CLANG_WARN_INT_CONVERSION = YES;
				CLANG_WARN_NON_LITERAL_NULL_CONVERSION = YES;
				CLANG_WARN_OBJC_IMPLICIT_RETAIN_SELF = YES;
				CLANG_WARN_OBJC_LITERAL_CONVERSION = YES;
				CLANG_WARN_OBJC_ROOT_CLASS = YES_ERROR;
				CLANG_WARN_QUOTED_INCLUDE_IN_FRAMEWORK_HEADER = YES;
				CLANG_WARN_RANGE_LOOP_ANALYSIS = YES;
				CLANG_WARN_STRICT_PROTOTYPES = YES;
				CLANG_WARN_SUSPICIOUS_MOVE = YES;
				CLANG_WARN_UNGUARDED_AVAILABILITY = YES_AGGRESSIVE;
				CLANG_WARN_UNREACHABLE_CODE = YES;
				CLANG_WARN__DUPLICATE_METHOD_MATCH = YES;
				COPY_PHASE_STRIP = NO;
				DEBUG_INFORMATION_FORMAT = "dwarf-with-dsym";
				ENABLE_NS_ASSERTIONS = NO;
				ENABLE_STRICT_OBJC_MSGSEND = YES;
				ENABLE_USER_SCRIPT_SANDBOXING = YES;
				GCC_C_LANGUAGE_STANDARD = gnu17;
				GCC_NO_COMMON_BLOCKS = YES;
				GCC_WARN_64_TO_32_BIT_CONVERSION = YES;
				GCC_WARN_ABOUT_RETURN_TYPE = YES_ERROR;
				GCC_WARN_UNDECLARED_SELECTOR = YES;
				GCC_WARN_UNINITIALIZED_AUTOS = YES_AGGRESSIVE;
				GCC_WARN_UNUSED_FUNCTION = YES;
				GCC_WARN_UNUSED_VARIABLE = YES;
				IPHONEOS_DEPLOYMENT_TARGET = 18.2;
				LOCALIZATION_PREFERS_STRING_CATALOGS = YES;
				MTL_ENABLE_DEBUG_INFO = NO;
				MTL_FAST_MATH = YES;
				SDKROOT = iphoneos;
				SWIFT_COMPILATION_MODE = wholemodule;
				VALIDATE_PRODUCT = YES;
			};
			name = Release;
		};
/* End XCBuildConfiguration section */

/* Begin XCConfigurationList section */
		10FD9E152DE3EFAC00560FCF /* Build configuration list for PBXProject "instaDownload" */ = {
			isa = XCConfigurationList;
			buildConfigurations = (
				10FD9E302DE3EFAE00560FCF /* Debug */,
				10FD9E312DE3EFAE00560FCF /* Release */,
			);
			defaultConfigurationIsVisible = 0;
			defaultConfigurationName = Release;
		};
		10FD9E2D2DE3EFAE00560FCF /* Build configuration list for PBXNativeTarget "instaDownload" */ = {
			isa = XCConfigurationList;
			buildConfigurations = (
				10FD9E2E2DE3EFAE00560FCF /* Debug */,
				10FD9E2F2DE3EFAE00560FCF /* Release */,
			);
			defaultConfigurationIsVisible = 0;
			defaultConfigurationName = Release;
		};
/* End XCConfigurationList section */
	};
	rootObject = 10FD9E122DE3EFAC00560FCF /* Project object */;
}
